
Microsoft Visual Studio Solution File, Format Version 12.00
# Visual Studio Version 17
VisualStudioVersion = 17.13.35931.197
MinimumVisualStudioVersion = 10.0.40219.1
Project("{FAE04EC0-301F-11D3-BF4B-00C04F79EFBC}") = "HotelBook", "HotelBook\HotelBook.csproj", "{12078C5D-466C-472E-BC73-531CAF3ECEB8}"
EndProject
Project("{FAE04EC0-301F-11D3-BF4B-00C04F79EFBC}") = "HotelBook.Domain", "HotelBook.Domain\HotelBook.Domain.csproj", "{9EA258D1-FE98-4E63-A797-3CBBD1A0C50E}"
EndProject
Project("{FAE04EC0-301F-11D3-BF4B-00C04F79EFBC}") = "HotelBook.Services", "HotelBook.Services\HotelBook.Services.csproj", "{84FEEA09-813C-4A0B-9A34-B5CEB114DC68}"
EndProject
Project("{FAE04EC0-301F-11D3-BF4B-00C04F79EFBC}") = "HotelBook.Data", "HotelBook.Data\HotelBook.Data.csproj", "{D11FB6D0-7248-4198-9778-991B6E562C32}"
EndProject
Global
	GlobalSection(SolutionConfigurationPlatforms) = preSolution
		Debug|Any CPU = Debug|Any CPU
		Release|Any CPU = Release|Any CPU
	EndGlobalSection
	GlobalSection(ProjectConfigurationPlatforms) = postSolution
		{12078C5D-466C-472E-BC73-531CAF3ECEB8}.Debug|Any CPU.ActiveCfg = Debug|Any CPU
		{12078C5D-466C-472E-BC73-531CAF3ECEB8}.Debug|Any CPU.Build.0 = Debug|Any CPU
		{12078C5D-466C-472E-BC73-531CAF3ECEB8}.Release|Any CPU.ActiveCfg = Release|Any CPU
		{12078C5D-466C-472E-BC73-531CAF3ECEB8}.Release|Any CPU.Build.0 = Release|Any CPU
		{9EA258D1-FE98-4E63-A797-3CBBD1A0C50E}.Debug|Any CPU.ActiveCfg = Debug|Any CPU
		{9EA258D1-FE98-4E63-A797-3CBBD1A0C50E}.Debug|Any CPU.Build.0 = Debug|Any CPU
		{9EA258D1-FE98-4E63-A797-3CBBD1A0C50E}.Release|Any CPU.ActiveCfg = Release|Any CPU
		{9EA258D1-FE98-4E63-A797-3CBBD1A0C50E}.Release|Any CPU.Build.0 = Release|Any CPU
		{84FEEA09-813C-4A0B-9A34-B5CEB114DC68}.Debug|Any CPU.ActiveCfg = Debug|Any CPU
		{84FEEA09-813C-4A0B-9A34-B5CEB114DC68}.Debug|Any CPU.Build.0 = Debug|Any CPU
		{84FEEA09-813C-4A0B-9A34-B5CEB114DC68}.Release|Any CPU.ActiveCfg = Release|Any CPU
		{84FEEA09-813C-4A0B-9A34-B5CEB114DC68}.Release|Any CPU.Build.0 = Release|Any CPU
		{D11FB6D0-7248-4198-9778-991B6E562C32}.Debug|Any CPU.ActiveCfg = Debug|Any CPU
		{D11FB6D0-7248-4198-9778-991B6E562C32}.Debug|Any CPU.Build.0 = Debug|Any CPU
		{D11FB6D0-7248-4198-9778-991B6E562C32}.Release|Any CPU.ActiveCfg = Release|Any CPU
		{D11FB6D0-7248-4198-9778-991B6E562C32}.Release|Any CPU.Build.0 = Release|Any CPU
	EndGlobalSection
	GlobalSection(SolutionProperties) = preSolution
		HideSolutionNode = FALSE
	EndGlobalSection
	GlobalSection(ExtensibilityGlobals) = postSolution
		SolutionGuid = {46E66D1E-559E-4F37-8ADA-BBC4ED04F977}
	EndGlobalSection
EndGlobal
